
Microsoft Visual Studio Solution File, Format Version 12.00
# Visual Studio Version 16
VisualStudioVersion = 16.0.29519.87
MinimumVisualStudioVersion = 10.0.40219.1
Project("{FAE04EC0-301F-11D3-BF4B-00C04F79EFBC}") = "noteBook", "noteBook\noteBook.csproj", "{092ECA51-4A97-43FD-AE9B-92E534B8F8E7}"
EndProject
Project("{FAE04EC0-301F-11D3-BF4B-00C04F79EFBC}") = "WindowsFormsControlLibrary1", "WindowsFormsControlLibrary1\WindowsFormsControlLibrary1.csproj", "{162E011F-814E-4218-9757-731E7C048441}"
EndProject
Global
	GlobalSection(SolutionConfigurationPlatforms) = preSolution
		Debug|Any CPU = Debug|Any CPU
		Release|Any CPU = Release|Any CPU
	EndGlobalSection
	GlobalSection(ProjectConfigurationPlatforms) = postSolution
		{092ECA51-4A97-43FD-AE9B-92E534B8F8E7}.Debug|Any CPU.ActiveCfg = Debug|Any CPU
		{092ECA51-4A97-43FD-AE9B-92E534B8F8E7}.Debug|Any CPU.Build.0 = Debug|Any CPU
		{092ECA51-4A97-43FD-AE9B-92E534B8F8E7}.Release|Any CPU.ActiveCfg = Release|Any CPU
		{092ECA51-4A97-43FD-AE9B-92E534B8F8E7}.Release|Any CPU.Build.0 = Release|Any CPU
		{162E011F-814E-4218-9757-731E7C048441}.Debug|Any CPU.ActiveCfg = Debug|Any CPU
		{162E011F-814E-4218-9757-731E7C048441}.Debug|Any CPU.Build.0 = Debug|Any CPU
		{162E011F-814E-4218-9757-731E7C048441}.Release|Any CPU.ActiveCfg = Release|Any CPU
		{162E011F-814E-4218-9757-731E7C048441}.Release|Any CPU.Build.0 = Release|Any CPU
	EndGlobalSection
	GlobalSection(SolutionProperties) = preSolution
		HideSolutionNode = FALSE
	EndGlobalSection
	GlobalSection(ExtensibilityGlobals) = postSolution
		SolutionGuid = {B9D5433A-323B-4CCB-B9A6-E643512472DA}
	EndGlobalSection
EndGlobal
